
Microsoft Visual Studio Solution File, Format Version 11.00
# Visual Studio 2010
Project("{FAE04EC0-301F-11D3-BF4B-00C04F79EFBC}") = "HerrmDiag", "HerrmDiag\HerrmDiag.csproj", "{199D6CAD-2025-4515-90C5-FC25F69DC04A}"
EndProject
Project("{FAE04EC0-301F-11D3-BF4B-00C04F79EFBC}") = "ImgSet", "ImgSet\ImgSet\ImgSet.csproj", "{0D83F5F2-E62F-4E70-97DF-488A23DD0267}"
EndProject
Project("{FAE04EC0-301F-11D3-BF4B-00C04F79EFBC}") = "PsicoTests", "PsicoTests\PsicoTests.csproj", "{014BD2EE-4DFA-40FE-BF32-8D2A316DEB84}"
EndProject
Project("{FAE04EC0-301F-11D3-BF4B-00C04F79EFBC}") = "ReadingXML", "ReadingXML\ReadingXML.csproj", "{6A5FCD01-AB72-4403-B93F-BC0E141BDCB4}"
EndProject
Project("{FAE04EC0-301F-11D3-BF4B-00C04F79EFBC}") = "DataAccessTool", "DataAccessTool\DataAccessTool.csproj", "{A00589F4-CDA7-4A0A-A18B-2382AFE600F1}"
EndProject
Project("{FAE04EC0-301F-11D3-BF4B-00C04F79EFBC}") = "ExcelReportTool", "ExcelReportTool\ExcelReportTool.csproj", "{2DF35264-EF2D-46B9-B379-B5C17EE04829}"
EndProject
Project("{FAE04EC0-301F-11D3-BF4B-00C04F79EFBC}") = "ActiveCodeGenerator", "ActiveCodeGenerator\ActiveCodeGenerator.csproj", "{666E8059-A6BB-4C65-80D3-9D86FADC9BB4}"
EndProject
Project("{FAE04EC0-301F-11D3-BF4B-00C04F79EFBC}") = "pica", "pica\pica.csproj", "{0D981861-E1FA-4F7E-8DE9-914AC6746677}"
EndProject
Project("{FAE04EC0-301F-11D3-BF4B-00C04F79EFBC}") = "Gios Pdf.NET", "Gios Pdf.NET\Gios Pdf.NET.csproj", "{C5FC18CF-CE83-4627-930F-42A8F1E2D7AD}"
EndProject
Project("{FAE04EC0-301F-11D3-BF4B-00C04F79EFBC}") = "PDF_Report", "PDF_Report\PDF_Report.csproj", "{8D2B0610-67FD-467A-8FF4-B9468B2347CE}"
EndProject
Project("{FAE04EC0-301F-11D3-BF4B-00C04F79EFBC}") = "GraphicReport", "GraphicReport\GraphicReport.csproj", "{8A1043CD-5E39-4BD5-8B03-6434E7A91F88}"
EndProject
Project("{FAE04EC0-301F-11D3-BF4B-00C04F79EFBC}") = "PercentilesTool", "PercentilesTool\PercentilesTool.csproj", "{97E1281C-8679-4AF1-A0DE-FE6ABA09794E}"
EndProject
Project("{FAE04EC0-301F-11D3-BF4B-00C04F79EFBC}") = "BusinessObjects", "BusinessObjects\BusinessObjects.csproj", "{D35B6302-814D-438F-809B-1661F3355FDA}"
EndProject
Project("{FAE04EC0-301F-11D3-BF4B-00C04F79EFBC}") = "ExceptionHandler", "ExceptionHandler\ExceptionHandler.csproj", "{745EBB90-F9F3-4206-AF9B-F04648A9E144}"
EndProject
Project("{54435603-DBB4-11D2-8724-00A0C9A8B90C}") = "TAS", "TAS\TAS.vdproj", "{943C243E-6F91-4847-BDAE-F077A2209F7C}"
EndProject
Global
	GlobalSection(SolutionConfigurationPlatforms) = preSolution
		Debug|Any CPU = Debug|Any CPU
		Debug|Mixed Platforms = Debug|Mixed Platforms
		Debug|x86 = Debug|x86
		Release|Any CPU = Release|Any CPU
		Release|Mixed Platforms = Release|Mixed Platforms
		Release|x86 = Release|x86
		x86|Any CPU = x86|Any CPU
		x86|Mixed Platforms = x86|Mixed Platforms
		x86|x86 = x86|x86
	EndGlobalSection
	GlobalSection(ProjectConfigurationPlatforms) = postSolution
		{199D6CAD-2025-4515-90C5-FC25F69DC04A}.Debug|Any CPU.ActiveCfg = Debug|Any CPU
		{199D6CAD-2025-4515-90C5-FC25F69DC04A}.Debug|Any CPU.Build.0 = Debug|Any CPU
		{199D6CAD-2025-4515-90C5-FC25F69DC04A}.Debug|Mixed Platforms.ActiveCfg = Debug|Any CPU
		{199D6CAD-2025-4515-90C5-FC25F69DC04A}.Debug|Mixed Platforms.Build.0 = Debug|Any CPU
		{199D6CAD-2025-4515-90C5-FC25F69DC04A}.Debug|x86.ActiveCfg = Debug|Any CPU
		{199D6CAD-2025-4515-90C5-FC25F69DC04A}.Release|Any CPU.ActiveCfg = Release|Any CPU
		{199D6CAD-2025-4515-90C5-FC25F69DC04A}.Release|Any CPU.Build.0 = Release|Any CPU
		{199D6CAD-2025-4515-90C5-FC25F69DC04A}.Release|Mixed Platforms.ActiveCfg = Release|Any CPU
		{199D6CAD-2025-4515-90C5-FC25F69DC04A}.Release|Mixed Platforms.Build.0 = Release|Any CPU
		{199D6CAD-2025-4515-90C5-FC25F69DC04A}.Release|x86.ActiveCfg = Release|Any CPU
		{199D6CAD-2025-4515-90C5-FC25F69DC04A}.x86|Any CPU.ActiveCfg = x86|Any CPU
		{199D6CAD-2025-4515-90C5-FC25F69DC04A}.x86|Any CPU.Build.0 = x86|Any CPU
		{199D6CAD-2025-4515-90C5-FC25F69DC04A}.x86|Mixed Platforms.ActiveCfg = x86|Any CPU
		{199D6CAD-2025-4515-90C5-FC25F69DC04A}.x86|Mixed Platforms.Build.0 = x86|Any CPU
		{199D6CAD-2025-4515-90C5-FC25F69DC04A}.x86|x86.ActiveCfg = x86|Any CPU
		{0D83F5F2-E62F-4E70-97DF-488A23DD0267}.Debug|Any CPU.ActiveCfg = Debug|Any CPU
		{0D83F5F2-E62F-4E70-97DF-488A23DD0267}.Debug|Any CPU.Build.0 = Debug|Any CPU
		{0D83F5F2-E62F-4E70-97DF-488A23DD0267}.Debug|Mixed Platforms.ActiveCfg = Debug|Any CPU
		{0D83F5F2-E62F-4E70-97DF-488A23DD0267}.Debug|Mixed Platforms.Build.0 = Debug|Any CPU
		{0D83F5F2-E62F-4E70-97DF-488A23DD0267}.Debug|x86.ActiveCfg = Debug|Any CPU
		{0D83F5F2-E62F-4E70-97DF-488A23DD0267}.Release|Any CPU.ActiveCfg = Release|Any CPU
		{0D83F5F2-E62F-4E70-97DF-488A23DD0267}.Release|Any CPU.Build.0 = Release|Any CPU
		{0D83F5F2-E62F-4E70-97DF-488A23DD0267}.Release|Mixed Platforms.ActiveCfg = Release|Any CPU
		{0D83F5F2-E62F-4E70-97DF-488A23DD0267}.Release|Mixed Platforms.Build.0 = Release|Any CPU
		{0D83F5F2-E62F-4E70-97DF-488A23DD0267}.Release|x86.ActiveCfg = Release|Any CPU
		{0D83F5F2-E62F-4E70-97DF-488A23DD0267}.x86|Any CPU.ActiveCfg = x86|Any CPU
		{0D83F5F2-E62F-4E70-97DF-488A23DD0267}.x86|Any CPU.Build.0 = x86|Any CPU
		{0D83F5F2-E62F-4E70-97DF-488A23DD0267}.x86|Mixed Platforms.ActiveCfg = x86|Any CPU
		{0D83F5F2-E62F-4E70-97DF-488A23DD0267}.x86|Mixed Platforms.Build.0 = x86|Any CPU
		{0D83F5F2-E62F-4E70-97DF-488A23DD0267}.x86|x86.ActiveCfg = x86|Any CPU
		{014BD2EE-4DFA-40FE-BF32-8D2A316DEB84}.Debug|Any CPU.ActiveCfg = Debug|Any CPU
		{014BD2EE-4DFA-40FE-BF32-8D2A316DEB84}.Debug|Any CPU.Build.0 = Debug|Any CPU
		{014BD2EE-4DFA-40FE-BF32-8D2A316DEB84}.Debug|Mixed Platforms.ActiveCfg = Debug|Any CPU
		{014BD2EE-4DFA-40FE-BF32-8D2A316DEB84}.Debug|Mixed Platforms.Build.0 = Debug|Any CPU
		{014BD2EE-4DFA-40FE-BF32-8D2A316DEB84}.Debug|x86.ActiveCfg = Debug|Any CPU
		{014BD2EE-4DFA-40FE-BF32-8D2A316DEB84}.Release|Any CPU.ActiveCfg = Release|Any CPU
		{014BD2EE-4DFA-40FE-BF32-8D2A316DEB84}.Release|Any CPU.Build.0 = Release|Any CPU
		{014BD2EE-4DFA-40FE-BF32-8D2A316DEB84}.Release|Mixed Platforms.ActiveCfg = Release|Any CPU
		{014BD2EE-4DFA-40FE-BF32-8D2A316DEB84}.Release|Mixed Platforms.Build.0 = Release|Any CPU
		{014BD2EE-4DFA-40FE-BF32-8D2A316DEB84}.Release|x86.ActiveCfg = Release|Any CPU
		{014BD2EE-4DFA-40FE-BF32-8D2A316DEB84}.x86|Any CPU.ActiveCfg = x86|Any CPU
		{014BD2EE-4DFA-40FE-BF32-8D2A316DEB84}.x86|Any CPU.Build.0 = x86|Any CPU
		{014BD2EE-4DFA-40FE-BF32-8D2A316DEB84}.x86|Mixed Platforms.ActiveCfg = x86|Any CPU
		{014BD2EE-4DFA-40FE-BF32-8D2A316DEB84}.x86|Mixed Platforms.Build.0 = x86|Any CPU
		{014BD2EE-4DFA-40FE-BF32-8D2A316DEB84}.x86|x86.ActiveCfg = x86|Any CPU
		{6A5FCD01-AB72-4403-B93F-BC0E141BDCB4}.Debug|Any CPU.ActiveCfg = Debug|Any CPU
		{6A5FCD01-AB72-4403-B93F-BC0E141BDCB4}.Debug|Any CPU.Build.0 = Debug|Any CPU
		{6A5FCD01-AB72-4403-B93F-BC0E141BDCB4}.Debug|Mixed Platforms.ActiveCfg = Debug|Any CPU
		{6A5FCD01-AB72-4403-B93F-BC0E141BDCB4}.Debug|Mixed Platforms.Build.0 = Debug|Any CPU
		{6A5FCD01-AB72-4403-B93F-BC0E141BDCB4}.Debug|x86.ActiveCfg = Debug|Any CPU
		{6A5FCD01-AB72-4403-B93F-BC0E141BDCB4}.Release|Any CPU.ActiveCfg = Release|Any CPU
		{6A5FCD01-AB72-4403-B93F-BC0E141BDCB4}.Release|Any CPU.Build.0 = Release|Any CPU
		{6A5FCD01-AB72-4403-B93F-BC0E141BDCB4}.Release|Mixed Platforms.ActiveCfg = Release|Any CPU
		{6A5FCD01-AB72-4403-B93F-BC0E141BDCB4}.Release|Mixed Platforms.Build.0 = Release|Any CPU
		{6A5FCD01-AB72-4403-B93F-BC0E141BDCB4}.Release|x86.ActiveCfg = Release|Any CPU
		{6A5FCD01-AB72-4403-B93F-BC0E141BDCB4}.x86|Any CPU.ActiveCfg = x86|Any CPU
		{6A5FCD01-AB72-4403-B93F-BC0E141BDCB4}.x86|Any CPU.Build.0 = x86|Any CPU
		{6A5FCD01-AB72-4403-B93F-BC0E141BDCB4}.x86|Mixed Platforms.ActiveCfg = x86|Any CPU
		{6A5FCD01-AB72-4403-B93F-BC0E141BDCB4}.x86|Mixed Platforms.Build.0 = x86|Any CPU
		{6A5FCD01-AB72-4403-B93F-BC0E141BDCB4}.x86|x86.ActiveCfg = x86|Any CPU
		{A00589F4-CDA7-4A0A-A18B-2382AFE600F1}.Debug|Any CPU.ActiveCfg = Debug|Any CPU
		{A00589F4-CDA7-4A0A-A18B-2382AFE600F1}.Debug|Any CPU.Build.0 = Debug|Any CPU
		{A00589F4-CDA7-4A0A-A18B-2382AFE600F1}.Debug|Mixed Platforms.ActiveCfg = Debug|Any CPU
		{A00589F4-CDA7-4A0A-A18B-2382AFE600F1}.Debug|Mixed Platforms.Build.0 = Debug|Any CPU
		{A00589F4-CDA7-4A0A-A18B-2382AFE600F1}.Debug|x86.ActiveCfg = Debug|Any CPU
		{A00589F4-CDA7-4A0A-A18B-2382AFE600F1}.Release|Any CPU.ActiveCfg = Release|Any CPU
		{A00589F4-CDA7-4A0A-A18B-2382AFE600F1}.Release|Any CPU.Build.0 = Release|Any CPU
		{A00589F4-CDA7-4A0A-A18B-2382AFE600F1}.Release|Mixed Platforms.ActiveCfg = Release|Any CPU
		{A00589F4-CDA7-4A0A-A18B-2382AFE600F1}.Release|Mixed Platforms.Build.0 = Release|Any CPU
		{A00589F4-CDA7-4A0A-A18B-2382AFE600F1}.Release|x86.ActiveCfg = Release|Any CPU
		{A00589F4-CDA7-4A0A-A18B-2382AFE600F1}.x86|Any CPU.ActiveCfg = x86|Any CPU
		{A00589F4-CDA7-4A0A-A18B-2382AFE600F1}.x86|Any CPU.Build.0 = x86|Any CPU
		{A00589F4-CDA7-4A0A-A18B-2382AFE600F1}.x86|Mixed Platforms.ActiveCfg = x86|Any CPU
		{A00589F4-CDA7-4A0A-A18B-2382AFE600F1}.x86|Mixed Platforms.Build.0 = x86|Any CPU
		{A00589F4-CDA7-4A0A-A18B-2382AFE600F1}.x86|x86.ActiveCfg = x86|Any CPU
		{2DF35264-EF2D-46B9-B379-B5C17EE04829}.Debug|Any CPU.ActiveCfg = Debug|Any CPU
		{2DF35264-EF2D-46B9-B379-B5C17EE04829}.Debug|Any CPU.Build.0 = Debug|Any CPU
		{2DF35264-EF2D-46B9-B379-B5C17EE04829}.Debug|Mixed Platforms.ActiveCfg = Debug|Any CPU
		{2DF35264-EF2D-46B9-B379-B5C17EE04829}.Debug|Mixed Platforms.Build.0 = Debug|Any CPU
		{2DF35264-EF2D-46B9-B379-B5C17EE04829}.Debug|x86.ActiveCfg = Debug|Any CPU
		{2DF35264-EF2D-46B9-B379-B5C17EE04829}.Release|Any CPU.ActiveCfg = Release|Any CPU
		{2DF35264-EF2D-46B9-B379-B5C17EE04829}.Release|Any CPU.Build.0 = Release|Any CPU
		{2DF35264-EF2D-46B9-B379-B5C17EE04829}.Release|Mixed Platforms.ActiveCfg = Release|Any CPU
		{2DF35264-EF2D-46B9-B379-B5C17EE04829}.Release|Mixed Platforms.Build.0 = Release|Any CPU
		{2DF35264-EF2D-46B9-B379-B5C17EE04829}.Release|x86.ActiveCfg = Release|Any CPU
		{2DF35264-EF2D-46B9-B379-B5C17EE04829}.x86|Any CPU.ActiveCfg = Release|Any CPU
		{2DF35264-EF2D-46B9-B379-B5C17EE04829}.x86|Any CPU.Build.0 = Release|Any CPU
		{2DF35264-EF2D-46B9-B379-B5C17EE04829}.x86|Mixed Platforms.ActiveCfg = Release|Any CPU
		{2DF35264-EF2D-46B9-B379-B5C17EE04829}.x86|Mixed Platforms.Build.0 = Release|Any CPU
		{2DF35264-EF2D-46B9-B379-B5C17EE04829}.x86|x86.ActiveCfg = Release|Any CPU
		{666E8059-A6BB-4C65-80D3-9D86FADC9BB4}.Debug|Any CPU.ActiveCfg = Debug|x86
		{666E8059-A6BB-4C65-80D3-9D86FADC9BB4}.Debug|Mixed Platforms.ActiveCfg = Debug|x86
		{666E8059-A6BB-4C65-80D3-9D86FADC9BB4}.Debug|Mixed Platforms.Build.0 = Debug|x86
		{666E8059-A6BB-4C65-80D3-9D86FADC9BB4}.Debug|x86.ActiveCfg = Debug|x86
		{666E8059-A6BB-4C65-80D3-9D86FADC9BB4}.Debug|x86.Build.0 = Debug|x86
		{666E8059-A6BB-4C65-80D3-9D86FADC9BB4}.Release|Any CPU.ActiveCfg = Release|x86
		{666E8059-A6BB-4C65-80D3-9D86FADC9BB4}.Release|Mixed Platforms.ActiveCfg = Release|x86
		{666E8059-A6BB-4C65-80D3-9D86FADC9BB4}.Release|Mixed Platforms.Build.0 = Release|x86
		{666E8059-A6BB-4C65-80D3-9D86FADC9BB4}.Release|x86.ActiveCfg = Release|x86
		{666E8059-A6BB-4C65-80D3-9D86FADC9BB4}.Release|x86.Build.0 = Release|x86
		{666E8059-A6BB-4C65-80D3-9D86FADC9BB4}.x86|Any CPU.ActiveCfg = Release|x86
		{666E8059-A6BB-4C65-80D3-9D86FADC9BB4}.x86|Mixed Platforms.ActiveCfg = Release|x86
		{666E8059-A6BB-4C65-80D3-9D86FADC9BB4}.x86|Mixed Platforms.Build.0 = Release|x86
		{666E8059-A6BB-4C65-80D3-9D86FADC9BB4}.x86|x86.ActiveCfg = Release|x86
		{666E8059-A6BB-4C65-80D3-9D86FADC9BB4}.x86|x86.Build.0 = Release|x86
		{0D981861-E1FA-4F7E-8DE9-914AC6746677}.Debug|Any CPU.ActiveCfg = Debug|Any CPU
		{0D981861-E1FA-4F7E-8DE9-914AC6746677}.Debug|Any CPU.Build.0 = Debug|Any CPU
		{0D981861-E1FA-4F7E-8DE9-914AC6746677}.Debug|Mixed Platforms.ActiveCfg = Debug|Any CPU
		{0D981861-E1FA-4F7E-8DE9-914AC6746677}.Debug|Mixed Platforms.Build.0 = Debug|Any CPU
		{0D981861-E1FA-4F7E-8DE9-914AC6746677}.Debug|x86.ActiveCfg = Debug|Any CPU
		{0D981861-E1FA-4F7E-8DE9-914AC6746677}.Release|Any CPU.ActiveCfg = Release|Any CPU
		{0D981861-E1FA-4F7E-8DE9-914AC6746677}.Release|Any CPU.Build.0 = Release|Any CPU
		{0D981861-E1FA-4F7E-8DE9-914AC6746677}.Release|Mixed Platforms.ActiveCfg = Release|Any CPU
		{0D981861-E1FA-4F7E-8DE9-914AC6746677}.Release|Mixed Platforms.Build.0 = Release|Any CPU
		{0D981861-E1FA-4F7E-8DE9-914AC6746677}.Release|x86.ActiveCfg = Release|Any CPU
		{0D981861-E1FA-4F7E-8DE9-914AC6746677}.x86|Any CPU.ActiveCfg = Release|Any CPU
		{0D981861-E1FA-4F7E-8DE9-914AC6746677}.x86|Any CPU.Build.0 = Release|Any CPU
		{0D981861-E1FA-4F7E-8DE9-914AC6746677}.x86|Mixed Platforms.ActiveCfg = Release|Any CPU
		{0D981861-E1FA-4F7E-8DE9-914AC6746677}.x86|Mixed Platforms.Build.0 = Release|Any CPU
		{0D981861-E1FA-4F7E-8DE9-914AC6746677}.x86|x86.ActiveCfg = Release|Any CPU
		{C5FC18CF-CE83-4627-930F-42A8F1E2D7AD}.Debug|Any CPU.ActiveCfg = Debug|Any CPU
		{C5FC18CF-CE83-4627-930F-42A8F1E2D7AD}.Debug|Any CPU.Build.0 = Debug|Any CPU
		{C5FC18CF-CE83-4627-930F-42A8F1E2D7AD}.Debug|Mixed Platforms.ActiveCfg = Debug|Any CPU
		{C5FC18CF-CE83-4627-930F-42A8F1E2D7AD}.Debug|Mixed Platforms.Build.0 = Debug|Any CPU
		{C5FC18CF-CE83-4627-930F-42A8F1E2D7AD}.Debug|x86.ActiveCfg = Debug|Any CPU
		{C5FC18CF-CE83-4627-930F-42A8F1E2D7AD}.Release|Any CPU.ActiveCfg = Release|Any CPU
		{C5FC18CF-CE83-4627-930F-42A8F1E2D7AD}.Release|Any CPU.Build.0 = Release|Any CPU
		{C5FC18CF-CE83-4627-930F-42A8F1E2D7AD}.Release|Mixed Platforms.ActiveCfg = Release|Any CPU
		{C5FC18CF-CE83-4627-930F-42A8F1E2D7AD}.Release|Mixed Platforms.Build.0 = Release|Any CPU
		{C5FC18CF-CE83-4627-930F-42A8F1E2D7AD}.Release|x86.ActiveCfg = Release|Any CPU
		{C5FC18CF-CE83-4627-930F-42A8F1E2D7AD}.x86|Any CPU.ActiveCfg = Release|Any CPU
		{C5FC18CF-CE83-4627-930F-42A8F1E2D7AD}.x86|Any CPU.Build.0 = Release|Any CPU
		{C5FC18CF-CE83-4627-930F-42A8F1E2D7AD}.x86|Mixed Platforms.ActiveCfg = Release|Any CPU
		{C5FC18CF-CE83-4627-930F-42A8F1E2D7AD}.x86|Mixed Platforms.Build.0 = Release|Any CPU
		{C5FC18CF-CE83-4627-930F-42A8F1E2D7AD}.x86|x86.ActiveCfg = Release|Any CPU
		{8D2B0610-67FD-467A-8FF4-B9468B2347CE}.Debug|Any CPU.ActiveCfg = Debug|Any CPU
		{8D2B0610-67FD-467A-8FF4-B9468B2347CE}.Debug|Any CPU.Build.0 = Debug|Any CPU
		{8D2B0610-67FD-467A-8FF4-B9468B2347CE}.Debug|Mixed Platforms.ActiveCfg = Debug|Any CPU
		{8D2B0610-67FD-467A-8FF4-B9468B2347CE}.Debug|Mixed Platforms.Build.0 = Debug|Any CPU
		{8D2B0610-67FD-467A-8FF4-B9468B2347CE}.Debug|x86.ActiveCfg = Debug|Any CPU
		{8D2B0610-67FD-467A-8FF4-B9468B2347CE}.Release|Any CPU.ActiveCfg = Release|Any CPU
		{8D2B0610-67FD-467A-8FF4-B9468B2347CE}.Release|Any CPU.Build.0 = Release|Any CPU
		{8D2B0610-67FD-467A-8FF4-B9468B2347CE}.Release|Mixed Platforms.ActiveCfg = Release|Any CPU
		{8D2B0610-67FD-467A-8FF4-B9468B2347CE}.Release|Mixed Platforms.Build.0 = Release|Any CPU
		{8D2B0610-67FD-467A-8FF4-B9468B2347CE}.Release|x86.ActiveCfg = Release|Any CPU
		{8D2B0610-67FD-467A-8FF4-B9468B2347CE}.x86|Any CPU.ActiveCfg = Release|Any CPU
		{8D2B0610-67FD-467A-8FF4-B9468B2347CE}.x86|Any CPU.Build.0 = Release|Any CPU
		{8D2B0610-67FD-467A-8FF4-B9468B2347CE}.x86|Mixed Platforms.ActiveCfg = Release|Any CPU
		{8D2B0610-67FD-467A-8FF4-B9468B2347CE}.x86|Mixed Platforms.Build.0 = Release|Any CPU
		{8D2B0610-67FD-467A-8FF4-B9468B2347CE}.x86|x86.ActiveCfg = Release|Any CPU
		{8A1043CD-5E39-4BD5-8B03-6434E7A91F88}.Debug|Any CPU.ActiveCfg = Debug|x86
		{8A1043CD-5E39-4BD5-8B03-6434E7A91F88}.Debug|Mixed Platforms.ActiveCfg = Debug|x86
		{8A1043CD-5E39-4BD5-8B03-6434E7A91F88}.Debug|Mixed Platforms.Build.0 = Debug|x86
		{8A1043CD-5E39-4BD5-8B03-6434E7A91F88}.Debug|x86.ActiveCfg = Debug|x86
		{8A1043CD-5E39-4BD5-8B03-6434E7A91F88}.Debug|x86.Build.0 = Debug|x86
		{8A1043CD-5E39-4BD5-8B03-6434E7A91F88}.Release|Any CPU.ActiveCfg = Release|x86
		{8A1043CD-5E39-4BD5-8B03-6434E7A91F88}.Release|Mixed Platforms.ActiveCfg = Release|x86
		{8A1043CD-5E39-4BD5-8B03-6434E7A91F88}.Release|Mixed Platforms.Build.0 = Release|x86
		{8A1043CD-5E39-4BD5-8B03-6434E7A91F88}.Release|x86.ActiveCfg = Release|x86
		{8A1043CD-5E39-4BD5-8B03-6434E7A91F88}.Release|x86.Build.0 = Release|x86
		{8A1043CD-5E39-4BD5-8B03-6434E7A91F88}.x86|Any CPU.ActiveCfg = Release|x86
		{8A1043CD-5E39-4BD5-8B03-6434E7A91F88}.x86|Mixed Platforms.ActiveCfg = Release|x86
		{8A1043CD-5E39-4BD5-8B03-6434E7A91F88}.x86|Mixed Platforms.Build.0 = Release|x86
		{8A1043CD-5E39-4BD5-8B03-6434E7A91F88}.x86|x86.ActiveCfg = Release|x86
		{8A1043CD-5E39-4BD5-8B03-6434E7A91F88}.x86|x86.Build.0 = Release|x86
		{97E1281C-8679-4AF1-A0DE-FE6ABA09794E}.Debug|Any CPU.ActiveCfg = Debug|Any CPU
		{97E1281C-8679-4AF1-A0DE-FE6ABA09794E}.Debug|Any CPU.Build.0 = Debug|Any CPU
		{97E1281C-8679-4AF1-A0DE-FE6ABA09794E}.Debug|Mixed Platforms.ActiveCfg = Debug|Any CPU
		{97E1281C-8679-4AF1-A0DE-FE6ABA09794E}.Debug|Mixed Platforms.Build.0 = Debug|Any CPU
		{97E1281C-8679-4AF1-A0DE-FE6ABA09794E}.Debug|x86.ActiveCfg = Debug|Any CPU
		{97E1281C-8679-4AF1-A0DE-FE6ABA09794E}.Release|Any CPU.ActiveCfg = Release|Any CPU
		{97E1281C-8679-4AF1-A0DE-FE6ABA09794E}.Release|Any CPU.Build.0 = Release|Any CPU
		{97E1281C-8679-4AF1-A0DE-FE6ABA09794E}.Release|Mixed Platforms.ActiveCfg = Release|Any CPU
		{97E1281C-8679-4AF1-A0DE-FE6ABA09794E}.Release|Mixed Platforms.Build.0 = Release|Any CPU
		{97E1281C-8679-4AF1-A0DE-FE6ABA09794E}.Release|x86.ActiveCfg = Release|Any CPU
		{97E1281C-8679-4AF1-A0DE-FE6ABA09794E}.x86|Any CPU.ActiveCfg = Release|Any CPU
		{97E1281C-8679-4AF1-A0DE-FE6ABA09794E}.x86|Any CPU.Build.0 = Release|Any CPU
		{97E1281C-8679-4AF1-A0DE-FE6ABA09794E}.x86|Mixed Platforms.ActiveCfg = Release|Any CPU
		{97E1281C-8679-4AF1-A0DE-FE6ABA09794E}.x86|Mixed Platforms.Build.0 = Release|Any CPU
		{97E1281C-8679-4AF1-A0DE-FE6ABA09794E}.x86|x86.ActiveCfg = Release|Any CPU
		{D35B6302-814D-438F-809B-1661F3355FDA}.Debug|Any CPU.ActiveCfg = Debug|Any CPU
		{D35B6302-814D-438F-809B-1661F3355FDA}.Debug|Any CPU.Build.0 = Debug|Any CPU
		{D35B6302-814D-438F-809B-1661F3355FDA}.Debug|Mixed Platforms.ActiveCfg = Debug|Any CPU
		{D35B6302-814D-438F-809B-1661F3355FDA}.Debug|Mixed Platforms.Build.0 = Debug|Any CPU
		{D35B6302-814D-438F-809B-1661F3355FDA}.Debug|x86.ActiveCfg = Debug|Any CPU
		{D35B6302-814D-438F-809B-1661F3355FDA}.Release|Any CPU.ActiveCfg = Release|Any CPU
		{D35B6302-814D-438F-809B-1661F3355FDA}.Release|Any CPU.Build.0 = Release|Any CPU
		{D35B6302-814D-438F-809B-1661F3355FDA}.Release|Mixed Platforms.ActiveCfg = Release|Any CPU
		{D35B6302-814D-438F-809B-1661F3355FDA}.Release|Mixed Platforms.Build.0 = Release|Any CPU
		{D35B6302-814D-438F-809B-1661F3355FDA}.Release|x86.ActiveCfg = Release|Any CPU
		{D35B6302-814D-438F-809B-1661F3355FDA}.x86|Any CPU.ActiveCfg = Release|Any CPU
		{D35B6302-814D-438F-809B-1661F3355FDA}.x86|Any CPU.Build.0 = Release|Any CPU
		{D35B6302-814D-438F-809B-1661F3355FDA}.x86|Mixed Platforms.ActiveCfg = Release|Any CPU
		{D35B6302-814D-438F-809B-1661F3355FDA}.x86|Mixed Platforms.Build.0 = Release|Any CPU
		{D35B6302-814D-438F-809B-1661F3355FDA}.x86|x86.ActiveCfg = Release|Any CPU
		{745EBB90-F9F3-4206-AF9B-F04648A9E144}.Debug|Any CPU.ActiveCfg = Debug|Any CPU
		{745EBB90-F9F3-4206-AF9B-F04648A9E144}.Debug|Any CPU.Build.0 = Debug|Any CPU
		{745EBB90-F9F3-4206-AF9B-F04648A9E144}.Debug|Mixed Platforms.ActiveCfg = Debug|Any CPU
		{745EBB90-F9F3-4206-AF9B-F04648A9E144}.Debug|Mixed Platforms.Build.0 = Debug|Any CPU
		{745EBB90-F9F3-4206-AF9B-F04648A9E144}.Debug|x86.ActiveCfg = Debug|Any CPU
		{745EBB90-F9F3-4206-AF9B-F04648A9E144}.Release|Any CPU.ActiveCfg = Release|Any CPU
		{745EBB90-F9F3-4206-AF9B-F04648A9E144}.Release|Any CPU.Build.0 = Release|Any CPU
		{745EBB90-F9F3-4206-AF9B-F04648A9E144}.Release|Mixed Platforms.ActiveCfg = Release|Any CPU
		{745EBB90-F9F3-4206-AF9B-F04648A9E144}.Release|Mixed Platforms.Build.0 = Release|Any CPU
		{745EBB90-F9F3-4206-AF9B-F04648A9E144}.Release|x86.ActiveCfg = Release|Any CPU
		{745EBB90-F9F3-4206-AF9B-F04648A9E144}.x86|Any CPU.ActiveCfg = Release|Any CPU
		{745EBB90-F9F3-4206-AF9B-F04648A9E144}.x86|Any CPU.Build.0 = Release|Any CPU
		{745EBB90-F9F3-4206-AF9B-F04648A9E144}.x86|Mixed Platforms.ActiveCfg = Release|Any CPU
		{745EBB90-F9F3-4206-AF9B-F04648A9E144}.x86|Mixed Platforms.Build.0 = Release|Any CPU
		{745EBB90-F9F3-4206-AF9B-F04648A9E144}.x86|x86.ActiveCfg = Release|Any CPU
		{943C243E-6F91-4847-BDAE-F077A2209F7C}.Debug|Any CPU.ActiveCfg = Debug
		{943C243E-6F91-4847-BDAE-F077A2209F7C}.Debug|Mixed Platforms.ActiveCfg = Debug
		{943C243E-6F91-4847-BDAE-F077A2209F7C}.Debug|x86.ActiveCfg = Debug
		{943C243E-6F91-4847-BDAE-F077A2209F7C}.Release|Any CPU.ActiveCfg = Release
		{943C243E-6F91-4847-BDAE-F077A2209F7C}.Release|Mixed Platforms.ActiveCfg = Release
		{943C243E-6F91-4847-BDAE-F077A2209F7C}.Release|x86.ActiveCfg = Release
		{943C243E-6F91-4847-BDAE-F077A2209F7C}.x86|Any CPU.ActiveCfg = Release
		{943C243E-6F91-4847-BDAE-F077A2209F7C}.x86|Mixed Platforms.ActiveCfg = Release
		{943C243E-6F91-4847-BDAE-F077A2209F7C}.x86|x86.ActiveCfg = Release
	EndGlobalSection
	GlobalSection(SolutionProperties) = preSolution
		HideSolutionNode = FALSE
	EndGlobalSection
EndGlobal
